{
  "name": "frontend",
  "version": "0.1.0",
  "lockfileVersion": 1,
  "requires": true,
  "dependencies": {
    "@tivix/prettier-config": {
      "version": "git+ssh://git@github.com/Tivix/js-standard-prettier-config.git#f0506bd3b192728e0a581244e76c1a80c8c80385",
      "from": "git+ssh://git@github.com/Tivix/js-standard-prettier-config.git",
      "dev": true,
      "requires": {
        "prettier": "^1.19.1"
      }
    },
    "prettier": {
      "version": "1.19.1",
      "resolved": "https://registry.npmjs.org/prettier/-/prettier-1.19.1.tgz",
      "integrity": "sha512-s7PoyDv/II1ObgQunCbB9PdLmUcBZcnWOcxDh7O0N/UwDEsHyqkW+Qh28jW+mVuCdx7gLB0BotYI1Y6uI9iyew==",
      "dev": true
    }
  }
}
