# THIS IS AN AUTOGENERATED FILE. DO NOT EDIT THIS FILE DIRECTLY.
# yarn lockfile v1


date-fns@^3.3.1:
  version "3.3.1"
  resolved "https://registry.yarnpkg.com/date-fns/-/date-fns-3.3.1.tgz#7581daca0892d139736697717a168afbb908cfed"
  integrity sha512-y8e109LYGgoQDveiEBD3DYXKba1jWf5BA8YU1FL5Tvm0BTdEfy54WLCwnuYWZNnzzvALy/QQ4Hov+Q9RVRv+Zw==
