dependencies:
- name: postgresql
  repository: https://charts.bitnami.com/bitnami
  version: 7.x.x
- name: postgresql
  repository: https://charts.bitnami.com/bitnami
  version: 7.x.x
- name: postgresql
  repository: https://charts.bitnami.com/bitnami
  version: 7.x.x
- name: redis
  repository: https://charts.bitnami.com/bitnami
  version: 10.x.x
- name: elasticsearch
  repository: https://charts.bitnami.com/bitnami
  version: 12.x.x
digest: sha256:1ec7bc8583e5f87ff11e455fc63cae908227f8c568f10a62c7516678b81f1b10
generated: "2021-02-17T16:03:38.519345+01:00"
