dependencies:
- name: postgresql
  repository: https://charts.bitnami.com/bitnami
  version: 7.x.x
- name: postgresql
  repository: https://charts.bitnami.com/bitnami
  version: 7.x.x
- name: postgresql
  repository: https://charts.bitnami.com/bitnami
  version: 7.x.x
- name: redis
  repository: https://charts.bitnami.com/bitnami
  version: 10.x.x
- name: elasticsearch
  repository: https://charts.bitnami.com/bitnami
  version: 12.x.x
- name: airflow
  repository: https://charts.bitnami.com/bitnami
  version: 6.x.x
digest: sha256:03bd5ce7d577549595546d5fd09baaa65169d22f06246186ae68de5f2ab97f44
generated: "2020-09-12T14:52:11.754186+02:00"
