dependencies:
- name: postgresql
  repository: https://charts.bitnami.com/bitnami
  version: 11.6.0
- name: postgresql
  repository: https://charts.bitnami.com/bitnami
  version: 11.6.0
- name: postgresql
  repository: https://charts.bitnami.com/bitnami
  version: 11.6.0
- name: redis
  repository: https://charts.bitnami.com/bitnami
  version: 16.10.1
- name: elasticsearch
  repository: https://charts.bitnami.com/bitnami
  version: 18.2.6
digest: sha256:3fdbf6e6bcf2e93b7cc2d47486d381129860ba61d1582f517be1380918e1c609
generated: "2022-06-02T11:30:48.499389-04:00"